
Microsoft Visual Studio Solution File, Format Version 12.00
# Visual Studio Version 16
VisualStudioVersion = 16.0.28803.156
MinimumVisualStudioVersion = 10.0.40219.1
Project("{8BC9CEB8-8B4A-11D0-8D11-00A0C91BC942}") = "EasyTcpServer", "EasyTcpServer\EasyTcpServer.vcxproj", "{DC831A5A-0C50-4894-BFA3-73DECA97AF8C}"
EndProject
Project("{8BC9CEB8-8B4A-11D0-8D11-00A0C91BC942}") = "EasyTcpClient", "EasyTcpClient\EasyTcpClient.vcxproj", "{9A6D4FC2-4BA7-40D2-80C5-7E38EEB6F2BB}"
EndProject
Global
	GlobalSection(SolutionConfigurationPlatforms) = preSolution
		Debug|x64 = Debug|x64
		Debug|x86 = Debug|x86
		Release|x64 = Release|x64
		Release|x86 = Release|x86
	EndGlobalSection
	GlobalSection(ProjectConfigurationPlatforms) = postSolution
		{DC831A5A-0C50-4894-BFA3-73DECA97AF8C}.Debug|x64.ActiveCfg = Debug|x64
		{DC831A5A-0C50-4894-BFA3-73DECA97AF8C}.Debug|x64.Build.0 = Debug|x64
		{DC831A5A-0C50-4894-BFA3-73DECA97AF8C}.Debug|x86.ActiveCfg = Debug|Win32
		{DC831A5A-0C50-4894-BFA3-73DECA97AF8C}.Debug|x86.Build.0 = Debug|Win32
		{DC831A5A-0C50-4894-BFA3-73DECA97AF8C}.Release|x64.ActiveCfg = Release|x64
		{DC831A5A-0C50-4894-BFA3-73DECA97AF8C}.Release|x64.Build.0 = Release|x64
		{DC831A5A-0C50-4894-BFA3-73DECA97AF8C}.Release|x86.ActiveCfg = Release|Win32
		{DC831A5A-0C50-4894-BFA3-73DECA97AF8C}.Release|x86.Build.0 = Release|Win32
		{9A6D4FC2-4BA7-40D2-80C5-7E38EEB6F2BB}.Debug|x64.ActiveCfg = Debug|x64
		{9A6D4FC2-4BA7-40D2-80C5-7E38EEB6F2BB}.Debug|x64.Build.0 = Debug|x64
		{9A6D4FC2-4BA7-40D2-80C5-7E38EEB6F2BB}.Debug|x86.ActiveCfg = Debug|Win32
		{9A6D4FC2-4BA7-40D2-80C5-7E38EEB6F2BB}.Debug|x86.Build.0 = Debug|Win32
		{9A6D4FC2-4BA7-40D2-80C5-7E38EEB6F2BB}.Release|x64.ActiveCfg = Release|x64
		{9A6D4FC2-4BA7-40D2-80C5-7E38EEB6F2BB}.Release|x64.Build.0 = Release|x64
		{9A6D4FC2-4BA7-40D2-80C5-7E38EEB6F2BB}.Release|x86.ActiveCfg = Release|Win32
		{9A6D4FC2-4BA7-40D2-80C5-7E38EEB6F2BB}.Release|x86.Build.0 = Release|Win32
	EndGlobalSection
	GlobalSection(SolutionProperties) = preSolution
		HideSolutionNode = FALSE
	EndGlobalSection
	GlobalSection(ExtensibilityGlobals) = postSolution
		SolutionGuid = {DE9E6D8B-0986-40B8-9352-F2E4B82641B1}
	EndGlobalSection
EndGlobal
